
Microsoft Visual Studio Solution File, Format Version 12.00
# Visual Studio 14
VisualStudioVersion = 14.0.25420.1
MinimumVisualStudioVersion = 10.0.40219.1
Project("{FAE04EC0-301F-11D3-BF4B-00C04F79EFBC}") = "01_string", "01_string\01_string.csproj", "{B29408FB-4702-4649-9C12-C854AE38CCE5}"
EndProject
Project("{FAE04EC0-301F-11D3-BF4B-00C04F79EFBC}") = "02_测试文本转换有效数字", "02_测试文本转换有效数字\02_测试文本转换有效数字.csproj", "{B9A3061C-1933-4115-A1D6-BE4C9CD29B1F}"
EndProject
Project("{FAE04EC0-301F-11D3-BF4B-00C04F79EFBC}") = "03_namespace", "03_namespace\03_namespace.csproj", "{D1A2C498-593D-453F-AFBB-EB83D6CAE16A}"
EndProject
Project("{FAE04EC0-301F-11D3-BF4B-00C04F79EFBC}") = "04_Test_HTML", "04_Test_HTML\04_Test_HTML.csproj", "{D1321A56-04AB-4D9C-84FC-2C29780355BF}"
EndProject
Project("{FAE04EC0-301F-11D3-BF4B-00C04F79EFBC}") = "05_数组", "05_数组\05_数组.csproj", "{C4AC191A-CE9C-43CF-AA9B-23BAEAFF56C7}"
EndProject
Project("{FAE04EC0-301F-11D3-BF4B-00C04F79EFBC}") = "06_枚举类型", "06_枚举类型\06_枚举类型.csproj", "{257B4BD4-57AD-4522-B74C-C5B47E770CF6}"
EndProject
Project("{FAE04EC0-301F-11D3-BF4B-00C04F79EFBC}") = "07_正则表达式实现文本替换", "07_正则表达式实现文本替换\07_正则表达式实现文本替换.csproj", "{5AFE592F-E75C-44C8-B074-68D55109B942}"
EndProject
Project("{FAE04EC0-301F-11D3-BF4B-00C04F79EFBC}") = "08_delegate实现跨窗体调用方法", "08_delegate实现跨窗体调用方法\08_delegate实现跨窗体调用方法.csproj", "{EED81917-8E6B-4338-9E35-237FA29CEDED}"
EndProject
Project("{FAE04EC0-301F-11D3-BF4B-00C04F79EFBC}") = "09_正则表达式判断出生年月", "09_正则表达式判断出生年月\09_正则表达式判断出生年月.csproj", "{DF1DEB7B-5FED-4FE2-965D-EF1295A134DF}"
EndProject
Project("{FAE04EC0-301F-11D3-BF4B-00C04F79EFBC}") = "10_xml写入与读取", "10_xml写入与读取\10_xml写入与读取.csproj", "{D4D5E885-079A-4819-A07F-188761C7DE19}"
EndProject
Project("{FAE04EC0-301F-11D3-BF4B-00C04F79EFBC}") = "11_递归加载xml文件到treeview及选取指定标签", "11_递归加载xml文件到treeview\11_递归加载xml文件到treeview及选取指定标签.csproj", "{78F8D6A9-F6F1-4753-ACA5-FAF88E0FA574}"
EndProject
Project("{FAE04EC0-301F-11D3-BF4B-00C04F79EFBC}") = "12_命名空间和gettype", "12_命名空间和typeof\12_命名空间和gettype.csproj", "{C919CB1E-B403-4075-B79D-1CB9E5F1248C}"
EndProject
Project("{FAE04EC0-301F-11D3-BF4B-00C04F79EFBC}") = "13_委托及匿名方法及lambda表达式", "13_匿名方法及lambda表达式\13_委托及匿名方法及lambda表达式.csproj", "{1815DCCC-751D-4F1B-9BF9-697B7048EAED}"
EndProject
Project("{FAE04EC0-301F-11D3-BF4B-00C04F79EFBC}") = "14_泛型委托", "14_泛型委托\14_泛型委托.csproj", "{61341979-323E-420E-AF1F-4DEB24C5A5E0}"
EndProject
Project("{FAE04EC0-301F-11D3-BF4B-00C04F79EFBC}") = "15_形参类型", "15_形参类型\15_形参类型.csproj", "{EF0352D7-8F6E-44B2-B959-E479EDFD10E3}"
EndProject
Project("{FAE04EC0-301F-11D3-BF4B-00C04F79EFBC}") = "16_使用Lambda表达式", "16_使用Lambda表达式\16_使用Lambda表达式.csproj", "{FFD060D0-5C7E-4F36-8940-BCB980A76373}"
EndProject
Project("{FAE04EC0-301F-11D3-BF4B-00C04F79EFBC}") = "17_多播委托", "17_多播委托\17_多播委托.csproj", "{7710DB04-938F-41A5-9354-EE4C73DD15D7}"
EndProject
Project("{FAE04EC0-301F-11D3-BF4B-00C04F79EFBC}") = "18_事件", "18_事件\18_事件.csproj", "{E6B47034-32D5-47F5-8E82-BD1D2E5F20D3}"
EndProject
Project("{FAE04EC0-301F-11D3-BF4B-00C04F79EFBC}") = "19_委托在窗体之间传值", "19_委托在窗体之间传值\19_委托在窗体之间传值.csproj", "{E38D6FC8-8AA6-4D8E-9F42-1531FD4000D7}"
EndProject
Project("{FAE04EC0-301F-11D3-BF4B-00C04F79EFBC}") = "20_事件实现窗体传值", "20_事件实现窗体传值\20_事件实现窗体传值.csproj", "{F8262C01-A799-46F2-9CC9-E37936A8B8FE}"
EndProject
Project("{FAE04EC0-301F-11D3-BF4B-00C04F79EFBC}") = "21_跨线程访问窗体和join方法", "21_跨线程访问窗体和join方法\21_跨线程访问窗体和join方法.csproj", "{93B089BD-B706-4667-BD14-AC962E5EFA6D}"
EndProject
Project("{FAE04EC0-301F-11D3-BF4B-00C04F79EFBC}") = "22_双色球案例", "22_双色球案例\22_双色球案例.csproj", "{2EF0C393-E58B-4050-B152-C307A98BB48B}"
EndProject
Project("{FAE04EC0-301F-11D3-BF4B-00C04F79EFBC}") = "22_线程池", "22_线程池\22_线程池.csproj", "{39CE7100-1219-421A-B30F-A97015715CE4}"
EndProject
Project("{FAE04EC0-301F-11D3-BF4B-00C04F79EFBC}") = "23_异步委托", "23_异步委托\23_异步委托.csproj", "{9497E1D8-9609-46AE-8EBA-CBC0D9C551E4}"
EndProject
Project("{FAE04EC0-301F-11D3-BF4B-00C04F79EFBC}") = "24_生产消费者问题", "24_生产消费者问题\24_生产消费者问题.csproj", "{E5EBB0F9-9319-45BD-9979-9B20A1ECB76A}"
EndProject
Project("{FAE04EC0-301F-11D3-BF4B-00C04F79EFBC}") = "25_socketServer", "25_socketServer\25_socketServer.csproj", "{47603C6B-B30E-40D1-AD29-924AEDF989EA}"
EndProject
Project("{FAE04EC0-301F-11D3-BF4B-00C04F79EFBC}") = "26_socketClient", "26_socketClient\26_socketClient.csproj", "{0C28C65E-705D-4998-B6BD-2844E73F8250}"
EndProject
Project("{FAE04EC0-301F-11D3-BF4B-00C04F79EFBC}") = "27_Path_File类", "27_Path_File类\27_Path_File类.csproj", "{BB3A7255-ECE6-4FCE-A16E-E34FC3D44747}"
EndProject
Project("{FAE04EC0-301F-11D3-BF4B-00C04F79EFBC}") = "28_0_反射", "28_反射\28_0_反射.csproj", "{8CA91719-F37A-4BF6-890D-67640B859ABD}"
EndProject
Project("{FAE04EC0-301F-11D3-BF4B-00C04F79EFBC}") = "28_1_TestDll", "28_1_TestDll\28_1_TestDll.csproj", "{18518783-2F0D-4BDF-B707-5C975C5A2694}"
EndProject
Project("{FAE04EC0-301F-11D3-BF4B-00C04F79EFBC}") = "29_反射2", "29_反射2\29_反射2.csproj", "{C29FCD37-ED97-4D1B-A002-184ACADA4E9B}"
EndProject
Project("{FAE04EC0-301F-11D3-BF4B-00C04F79EFBC}") = "30_插件版本记事本", "30_插件版本记事本\30_插件版本记事本.csproj", "{6B5E1C12-34F9-4519-B083-5B3423D48584}"
EndProject
Project("{FAE04EC0-301F-11D3-BF4B-00C04F79EFBC}") = "31_扩展方法_隐式类型", "31_扩展方法\31_扩展方法_隐式类型.csproj", "{B2C37210-C5E7-4C57-9139-DD3883FFCC9D}"
EndProject
Project("{FAE04EC0-301F-11D3-BF4B-00C04F79EFBC}") = "32_特性", "32_特性\32_特性.csproj", "{02668A7E-1AC7-4BC6-AFFC-2AAFDACAFCD2}"
EndProject
Project("{FAE04EC0-301F-11D3-BF4B-00C04F79EFBC}") = "33_访问控制修饰符", "33_访问控制修饰符\33_访问控制修饰符.csproj", "{38B04AA2-311B-41D1-B2A8-CDC28CD20F28}"
EndProject
Project("{FAE04EC0-301F-11D3-BF4B-00C04F79EFBC}") = "34_引用参数和值参数", "34_引用参数和值参数\34_引用参数和值参数.csproj", "{893FD934-C10B-440D-AAE8-11BA3D879AFA}"
EndProject
Project("{FAE04EC0-301F-11D3-BF4B-00C04F79EFBC}") = "35_GUI异步", "35_GUI异步\35_GUI异步.csproj", "{BDE8A300-EBF6-49BC-B6A3-8B13E3872CA9}"
EndProject
Project("{FAE04EC0-301F-11D3-BF4B-00C04F79EFBC}") = "09_正则改文件名", "09_正则改文件名\09_正则改文件名.csproj", "{AB066E2D-6042-45D7-98AE-786CD5387077}"
EndProject
Project("{FAE04EC0-301F-11D3-BF4B-00C04F79EFBC}") = "36_调用dll", "36_调用dll\36_调用dll.csproj", "{48B62070-3580-4DE2-8299-344D75F90937}"
EndProject
Project("{FAE04EC0-301F-11D3-BF4B-00C04F79EFBC}") = "37_appSettings", "37_appSettings\37_appSettings.csproj", "{0F5E0A6E-6300-4A33-8F4E-E8BB23326FB1}"
EndProject
Project("{FAE04EC0-301F-11D3-BF4B-00C04F79EFBC}") = "38_两种单例模式的实现", "38_两种单例模式的实现\38_两种单例模式的实现.csproj", "{7CB97406-4D5F-4A55-A0FE-614A7BAC09D0}"
EndProject
Project("{FAE04EC0-301F-11D3-BF4B-00C04F79EFBC}") = "28_1_反射创建对象", "28_1_反射创建对象\28_1_反射创建对象.csproj", "{3C3EEF8A-439C-4A0B-9F79-AFB016DBDD09}"
EndProject
Project("{2150E333-8FDC-42A3-9474-1A3956D46DE8}") = "UnitTest", "UnitTest", "{4653F548-0250-45BD-BE9D-A9B8F2BDAA8C}"
EndProject
Project("{FAE04EC0-301F-11D3-BF4B-00C04F79EFBC}") = "UnitTestProject1", "UnitTestProject1\UnitTestProject1.csproj", "{400279D4-E532-4447-8CC5-C073EB7779A6}"
EndProject
Project("{FAE04EC0-301F-11D3-BF4B-00C04F79EFBC}") = "39_01_Serializable", "39_Serializable\39_01_Serializable.csproj", "{147A7E43-0B3C-4FE5-97D2-8324C7C4C816}"
EndProject
Project("{FAE04EC0-301F-11D3-BF4B-00C04F79EFBC}") = "40_01_引用类型在容器的contain方法里的表现", "40_01_引用类型在容器的contain方法里的表现\40_01_引用类型在容器的contain方法里的表现.csproj", "{09C7C7AC-8FA5-4D06-8B50-A65A7C23D7FF}"
EndProject
Project("{FAE04EC0-301F-11D3-BF4B-00C04F79EFBC}") = "41_01_索引取成员", "41_01_索引取成员\41_01_索引取成员.csproj", "{2BCB20E2-02E4-47B4-94D7-66A9FD5CB03D}"
EndProject
Project("{FAE04EC0-301F-11D3-BF4B-00C04F79EFBC}") = "42_01_NamedPipeServer", "42_01_NamedPipeServer\42_01_NamedPipeServer.csproj", "{81D1B3BE-ABD1-47F9-8A37-8BDCBED59A76}"
EndProject
Project("{FAE04EC0-301F-11D3-BF4B-00C04F79EFBC}") = "42_02_NamedPipeClient", "42_02_NamedPipeClient\42_02_NamedPipeClient.csproj", "{7EE376E9-BDC1-4C9F-9D44-322A59296F5D}"
EndProject
Global
	GlobalSection(SolutionConfigurationPlatforms) = preSolution
		Debug|Any CPU = Debug|Any CPU
		Release|Any CPU = Release|Any CPU
	EndGlobalSection
	GlobalSection(ProjectConfigurationPlatforms) = postSolution
		{B29408FB-4702-4649-9C12-C854AE38CCE5}.Debug|Any CPU.ActiveCfg = Debug|Any CPU
		{B29408FB-4702-4649-9C12-C854AE38CCE5}.Debug|Any CPU.Build.0 = Debug|Any CPU
		{B29408FB-4702-4649-9C12-C854AE38CCE5}.Release|Any CPU.ActiveCfg = Release|Any CPU
		{B29408FB-4702-4649-9C12-C854AE38CCE5}.Release|Any CPU.Build.0 = Release|Any CPU
		{B9A3061C-1933-4115-A1D6-BE4C9CD29B1F}.Debug|Any CPU.ActiveCfg = Debug|Any CPU
		{B9A3061C-1933-4115-A1D6-BE4C9CD29B1F}.Debug|Any CPU.Build.0 = Debug|Any CPU
		{B9A3061C-1933-4115-A1D6-BE4C9CD29B1F}.Release|Any CPU.ActiveCfg = Release|Any CPU
		{B9A3061C-1933-4115-A1D6-BE4C9CD29B1F}.Release|Any CPU.Build.0 = Release|Any CPU
		{D1A2C498-593D-453F-AFBB-EB83D6CAE16A}.Debug|Any CPU.ActiveCfg = Debug|Any CPU
		{D1A2C498-593D-453F-AFBB-EB83D6CAE16A}.Debug|Any CPU.Build.0 = Debug|Any CPU
		{D1A2C498-593D-453F-AFBB-EB83D6CAE16A}.Release|Any CPU.ActiveCfg = Release|Any CPU
		{D1A2C498-593D-453F-AFBB-EB83D6CAE16A}.Release|Any CPU.Build.0 = Release|Any CPU
		{D1321A56-04AB-4D9C-84FC-2C29780355BF}.Debug|Any CPU.ActiveCfg = Debug|Any CPU
		{D1321A56-04AB-4D9C-84FC-2C29780355BF}.Debug|Any CPU.Build.0 = Debug|Any CPU
		{D1321A56-04AB-4D9C-84FC-2C29780355BF}.Release|Any CPU.ActiveCfg = Release|Any CPU
		{D1321A56-04AB-4D9C-84FC-2C29780355BF}.Release|Any CPU.Build.0 = Release|Any CPU
		{C4AC191A-CE9C-43CF-AA9B-23BAEAFF56C7}.Debug|Any CPU.ActiveCfg = Debug|Any CPU
		{C4AC191A-CE9C-43CF-AA9B-23BAEAFF56C7}.Debug|Any CPU.Build.0 = Debug|Any CPU
		{C4AC191A-CE9C-43CF-AA9B-23BAEAFF56C7}.Release|Any CPU.ActiveCfg = Release|Any CPU
		{C4AC191A-CE9C-43CF-AA9B-23BAEAFF56C7}.Release|Any CPU.Build.0 = Release|Any CPU
		{257B4BD4-57AD-4522-B74C-C5B47E770CF6}.Debug|Any CPU.ActiveCfg = Debug|Any CPU
		{257B4BD4-57AD-4522-B74C-C5B47E770CF6}.Debug|Any CPU.Build.0 = Debug|Any CPU
		{257B4BD4-57AD-4522-B74C-C5B47E770CF6}.Release|Any CPU.ActiveCfg = Release|Any CPU
		{257B4BD4-57AD-4522-B74C-C5B47E770CF6}.Release|Any CPU.Build.0 = Release|Any CPU
		{5AFE592F-E75C-44C8-B074-68D55109B942}.Debug|Any CPU.ActiveCfg = Debug|Any CPU
		{5AFE592F-E75C-44C8-B074-68D55109B942}.Debug|Any CPU.Build.0 = Debug|Any CPU
		{5AFE592F-E75C-44C8-B074-68D55109B942}.Release|Any CPU.ActiveCfg = Release|Any CPU
		{5AFE592F-E75C-44C8-B074-68D55109B942}.Release|Any CPU.Build.0 = Release|Any CPU
		{EED81917-8E6B-4338-9E35-237FA29CEDED}.Debug|Any CPU.ActiveCfg = Debug|Any CPU
		{EED81917-8E6B-4338-9E35-237FA29CEDED}.Debug|Any CPU.Build.0 = Debug|Any CPU
		{EED81917-8E6B-4338-9E35-237FA29CEDED}.Release|Any CPU.ActiveCfg = Release|Any CPU
		{EED81917-8E6B-4338-9E35-237FA29CEDED}.Release|Any CPU.Build.0 = Release|Any CPU
		{DF1DEB7B-5FED-4FE2-965D-EF1295A134DF}.Debug|Any CPU.ActiveCfg = Debug|Any CPU
		{DF1DEB7B-5FED-4FE2-965D-EF1295A134DF}.Debug|Any CPU.Build.0 = Debug|Any CPU
		{DF1DEB7B-5FED-4FE2-965D-EF1295A134DF}.Release|Any CPU.ActiveCfg = Release|Any CPU
		{DF1DEB7B-5FED-4FE2-965D-EF1295A134DF}.Release|Any CPU.Build.0 = Release|Any CPU
		{D4D5E885-079A-4819-A07F-188761C7DE19}.Debug|Any CPU.ActiveCfg = Debug|Any CPU
		{D4D5E885-079A-4819-A07F-188761C7DE19}.Debug|Any CPU.Build.0 = Debug|Any CPU
		{D4D5E885-079A-4819-A07F-188761C7DE19}.Release|Any CPU.ActiveCfg = Release|Any CPU
		{D4D5E885-079A-4819-A07F-188761C7DE19}.Release|Any CPU.Build.0 = Release|Any CPU
		{78F8D6A9-F6F1-4753-ACA5-FAF88E0FA574}.Debug|Any CPU.ActiveCfg = Debug|Any CPU
		{78F8D6A9-F6F1-4753-ACA5-FAF88E0FA574}.Debug|Any CPU.Build.0 = Debug|Any CPU
		{78F8D6A9-F6F1-4753-ACA5-FAF88E0FA574}.Release|Any CPU.ActiveCfg = Release|Any CPU
		{78F8D6A9-F6F1-4753-ACA5-FAF88E0FA574}.Release|Any CPU.Build.0 = Release|Any CPU
		{C919CB1E-B403-4075-B79D-1CB9E5F1248C}.Debug|Any CPU.ActiveCfg = Debug|Any CPU
		{C919CB1E-B403-4075-B79D-1CB9E5F1248C}.Debug|Any CPU.Build.0 = Debug|Any CPU
		{C919CB1E-B403-4075-B79D-1CB9E5F1248C}.Release|Any CPU.ActiveCfg = Release|Any CPU
		{C919CB1E-B403-4075-B79D-1CB9E5F1248C}.Release|Any CPU.Build.0 = Release|Any CPU
		{1815DCCC-751D-4F1B-9BF9-697B7048EAED}.Debug|Any CPU.ActiveCfg = Debug|Any CPU
		{1815DCCC-751D-4F1B-9BF9-697B7048EAED}.Debug|Any CPU.Build.0 = Debug|Any CPU
		{1815DCCC-751D-4F1B-9BF9-697B7048EAED}.Release|Any CPU.ActiveCfg = Release|Any CPU
		{1815DCCC-751D-4F1B-9BF9-697B7048EAED}.Release|Any CPU.Build.0 = Release|Any CPU
		{61341979-323E-420E-AF1F-4DEB24C5A5E0}.Debug|Any CPU.ActiveCfg = Debug|Any CPU
		{61341979-323E-420E-AF1F-4DEB24C5A5E0}.Debug|Any CPU.Build.0 = Debug|Any CPU
		{61341979-323E-420E-AF1F-4DEB24C5A5E0}.Release|Any CPU.ActiveCfg = Release|Any CPU
		{61341979-323E-420E-AF1F-4DEB24C5A5E0}.Release|Any CPU.Build.0 = Release|Any CPU
		{EF0352D7-8F6E-44B2-B959-E479EDFD10E3}.Debug|Any CPU.ActiveCfg = Debug|Any CPU
		{EF0352D7-8F6E-44B2-B959-E479EDFD10E3}.Debug|Any CPU.Build.0 = Debug|Any CPU
		{EF0352D7-8F6E-44B2-B959-E479EDFD10E3}.Release|Any CPU.ActiveCfg = Release|Any CPU
		{EF0352D7-8F6E-44B2-B959-E479EDFD10E3}.Release|Any CPU.Build.0 = Release|Any CPU
		{FFD060D0-5C7E-4F36-8940-BCB980A76373}.Debug|Any CPU.ActiveCfg = Debug|Any CPU
		{FFD060D0-5C7E-4F36-8940-BCB980A76373}.Debug|Any CPU.Build.0 = Debug|Any CPU
		{FFD060D0-5C7E-4F36-8940-BCB980A76373}.Release|Any CPU.ActiveCfg = Release|Any CPU
		{FFD060D0-5C7E-4F36-8940-BCB980A76373}.Release|Any CPU.Build.0 = Release|Any CPU
		{7710DB04-938F-41A5-9354-EE4C73DD15D7}.Debug|Any CPU.ActiveCfg = Debug|Any CPU
		{7710DB04-938F-41A5-9354-EE4C73DD15D7}.Debug|Any CPU.Build.0 = Debug|Any CPU
		{7710DB04-938F-41A5-9354-EE4C73DD15D7}.Release|Any CPU.ActiveCfg = Release|Any CPU
		{7710DB04-938F-41A5-9354-EE4C73DD15D7}.Release|Any CPU.Build.0 = Release|Any CPU
		{E6B47034-32D5-47F5-8E82-BD1D2E5F20D3}.Debug|Any CPU.ActiveCfg = Debug|Any CPU
		{E6B47034-32D5-47F5-8E82-BD1D2E5F20D3}.Debug|Any CPU.Build.0 = Debug|Any CPU
		{E6B47034-32D5-47F5-8E82-BD1D2E5F20D3}.Release|Any CPU.ActiveCfg = Release|Any CPU
		{E6B47034-32D5-47F5-8E82-BD1D2E5F20D3}.Release|Any CPU.Build.0 = Release|Any CPU
		{E38D6FC8-8AA6-4D8E-9F42-1531FD4000D7}.Debug|Any CPU.ActiveCfg = Debug|Any CPU
		{E38D6FC8-8AA6-4D8E-9F42-1531FD4000D7}.Debug|Any CPU.Build.0 = Debug|Any CPU
		{E38D6FC8-8AA6-4D8E-9F42-1531FD4000D7}.Release|Any CPU.ActiveCfg = Release|Any CPU
		{E38D6FC8-8AA6-4D8E-9F42-1531FD4000D7}.Release|Any CPU.Build.0 = Release|Any CPU
		{F8262C01-A799-46F2-9CC9-E37936A8B8FE}.Debug|Any CPU.ActiveCfg = Debug|Any CPU
		{F8262C01-A799-46F2-9CC9-E37936A8B8FE}.Debug|Any CPU.Build.0 = Debug|Any CPU
		{F8262C01-A799-46F2-9CC9-E37936A8B8FE}.Release|Any CPU.ActiveCfg = Release|Any CPU
		{F8262C01-A799-46F2-9CC9-E37936A8B8FE}.Release|Any CPU.Build.0 = Release|Any CPU
		{93B089BD-B706-4667-BD14-AC962E5EFA6D}.Debug|Any CPU.ActiveCfg = Debug|Any CPU
		{93B089BD-B706-4667-BD14-AC962E5EFA6D}.Debug|Any CPU.Build.0 = Debug|Any CPU
		{93B089BD-B706-4667-BD14-AC962E5EFA6D}.Release|Any CPU.ActiveCfg = Release|Any CPU
		{93B089BD-B706-4667-BD14-AC962E5EFA6D}.Release|Any CPU.Build.0 = Release|Any CPU
		{2EF0C393-E58B-4050-B152-C307A98BB48B}.Debug|Any CPU.ActiveCfg = Debug|Any CPU
		{2EF0C393-E58B-4050-B152-C307A98BB48B}.Debug|Any CPU.Build.0 = Debug|Any CPU
		{2EF0C393-E58B-4050-B152-C307A98BB48B}.Release|Any CPU.ActiveCfg = Release|Any CPU
		{2EF0C393-E58B-4050-B152-C307A98BB48B}.Release|Any CPU.Build.0 = Release|Any CPU
		{39CE7100-1219-421A-B30F-A97015715CE4}.Debug|Any CPU.ActiveCfg = Debug|Any CPU
		{39CE7100-1219-421A-B30F-A97015715CE4}.Debug|Any CPU.Build.0 = Debug|Any CPU
		{39CE7100-1219-421A-B30F-A97015715CE4}.Release|Any CPU.ActiveCfg = Release|Any CPU
		{39CE7100-1219-421A-B30F-A97015715CE4}.Release|Any CPU.Build.0 = Release|Any CPU
		{9497E1D8-9609-46AE-8EBA-CBC0D9C551E4}.Debug|Any CPU.ActiveCfg = Debug|Any CPU
		{9497E1D8-9609-46AE-8EBA-CBC0D9C551E4}.Debug|Any CPU.Build.0 = Debug|Any CPU
		{9497E1D8-9609-46AE-8EBA-CBC0D9C551E4}.Release|Any CPU.ActiveCfg = Release|Any CPU
		{9497E1D8-9609-46AE-8EBA-CBC0D9C551E4}.Release|Any CPU.Build.0 = Release|Any CPU
		{E5EBB0F9-9319-45BD-9979-9B20A1ECB76A}.Debug|Any CPU.ActiveCfg = Debug|Any CPU
		{E5EBB0F9-9319-45BD-9979-9B20A1ECB76A}.Debug|Any CPU.Build.0 = Debug|Any CPU
		{E5EBB0F9-9319-45BD-9979-9B20A1ECB76A}.Release|Any CPU.ActiveCfg = Release|Any CPU
		{E5EBB0F9-9319-45BD-9979-9B20A1ECB76A}.Release|Any CPU.Build.0 = Release|Any CPU
		{47603C6B-B30E-40D1-AD29-924AEDF989EA}.Debug|Any CPU.ActiveCfg = Debug|Any CPU
		{47603C6B-B30E-40D1-AD29-924AEDF989EA}.Debug|Any CPU.Build.0 = Debug|Any CPU
		{47603C6B-B30E-40D1-AD29-924AEDF989EA}.Release|Any CPU.ActiveCfg = Release|Any CPU
		{47603C6B-B30E-40D1-AD29-924AEDF989EA}.Release|Any CPU.Build.0 = Release|Any CPU
		{0C28C65E-705D-4998-B6BD-2844E73F8250}.Debug|Any CPU.ActiveCfg = Debug|Any CPU
		{0C28C65E-705D-4998-B6BD-2844E73F8250}.Debug|Any CPU.Build.0 = Debug|Any CPU
		{0C28C65E-705D-4998-B6BD-2844E73F8250}.Release|Any CPU.ActiveCfg = Release|Any CPU
		{0C28C65E-705D-4998-B6BD-2844E73F8250}.Release|Any CPU.Build.0 = Release|Any CPU
		{BB3A7255-ECE6-4FCE-A16E-E34FC3D44747}.Debug|Any CPU.ActiveCfg = Debug|Any CPU
		{BB3A7255-ECE6-4FCE-A16E-E34FC3D44747}.Debug|Any CPU.Build.0 = Debug|Any CPU
		{BB3A7255-ECE6-4FCE-A16E-E34FC3D44747}.Release|Any CPU.ActiveCfg = Release|Any CPU
		{BB3A7255-ECE6-4FCE-A16E-E34FC3D44747}.Release|Any CPU.Build.0 = Release|Any CPU
		{8CA91719-F37A-4BF6-890D-67640B859ABD}.Debug|Any CPU.ActiveCfg = Debug|Any CPU
		{8CA91719-F37A-4BF6-890D-67640B859ABD}.Debug|Any CPU.Build.0 = Debug|Any CPU
		{8CA91719-F37A-4BF6-890D-67640B859ABD}.Release|Any CPU.ActiveCfg = Release|Any CPU
		{8CA91719-F37A-4BF6-890D-67640B859ABD}.Release|Any CPU.Build.0 = Release|Any CPU
		{18518783-2F0D-4BDF-B707-5C975C5A2694}.Debug|Any CPU.ActiveCfg = Debug|Any CPU
		{18518783-2F0D-4BDF-B707-5C975C5A2694}.Debug|Any CPU.Build.0 = Debug|Any CPU
		{18518783-2F0D-4BDF-B707-5C975C5A2694}.Release|Any CPU.ActiveCfg = Release|Any CPU
		{18518783-2F0D-4BDF-B707-5C975C5A2694}.Release|Any CPU.Build.0 = Release|Any CPU
		{C29FCD37-ED97-4D1B-A002-184ACADA4E9B}.Debug|Any CPU.ActiveCfg = Debug|Any CPU
		{C29FCD37-ED97-4D1B-A002-184ACADA4E9B}.Debug|Any CPU.Build.0 = Debug|Any CPU
		{C29FCD37-ED97-4D1B-A002-184ACADA4E9B}.Release|Any CPU.ActiveCfg = Release|Any CPU
		{C29FCD37-ED97-4D1B-A002-184ACADA4E9B}.Release|Any CPU.Build.0 = Release|Any CPU
		{6B5E1C12-34F9-4519-B083-5B3423D48584}.Debug|Any CPU.ActiveCfg = Debug|Any CPU
		{6B5E1C12-34F9-4519-B083-5B3423D48584}.Debug|Any CPU.Build.0 = Debug|Any CPU
		{6B5E1C12-34F9-4519-B083-5B3423D48584}.Release|Any CPU.ActiveCfg = Release|Any CPU
		{6B5E1C12-34F9-4519-B083-5B3423D48584}.Release|Any CPU.Build.0 = Release|Any CPU
		{B2C37210-C5E7-4C57-9139-DD3883FFCC9D}.Debug|Any CPU.ActiveCfg = Debug|Any CPU
		{B2C37210-C5E7-4C57-9139-DD3883FFCC9D}.Debug|Any CPU.Build.0 = Debug|Any CPU
		{B2C37210-C5E7-4C57-9139-DD3883FFCC9D}.Release|Any CPU.ActiveCfg = Release|Any CPU
		{B2C37210-C5E7-4C57-9139-DD3883FFCC9D}.Release|Any CPU.Build.0 = Release|Any CPU
		{02668A7E-1AC7-4BC6-AFFC-2AAFDACAFCD2}.Debug|Any CPU.ActiveCfg = Debug|Any CPU
		{02668A7E-1AC7-4BC6-AFFC-2AAFDACAFCD2}.Debug|Any CPU.Build.0 = Debug|Any CPU
		{02668A7E-1AC7-4BC6-AFFC-2AAFDACAFCD2}.Release|Any CPU.ActiveCfg = Release|Any CPU
		{02668A7E-1AC7-4BC6-AFFC-2AAFDACAFCD2}.Release|Any CPU.Build.0 = Release|Any CPU
		{38B04AA2-311B-41D1-B2A8-CDC28CD20F28}.Debug|Any CPU.ActiveCfg = Debug|Any CPU
		{38B04AA2-311B-41D1-B2A8-CDC28CD20F28}.Debug|Any CPU.Build.0 = Debug|Any CPU
		{38B04AA2-311B-41D1-B2A8-CDC28CD20F28}.Release|Any CPU.ActiveCfg = Release|Any CPU
		{38B04AA2-311B-41D1-B2A8-CDC28CD20F28}.Release|Any CPU.Build.0 = Release|Any CPU
		{893FD934-C10B-440D-AAE8-11BA3D879AFA}.Debug|Any CPU.ActiveCfg = Debug|Any CPU
		{893FD934-C10B-440D-AAE8-11BA3D879AFA}.Debug|Any CPU.Build.0 = Debug|Any CPU
		{893FD934-C10B-440D-AAE8-11BA3D879AFA}.Release|Any CPU.ActiveCfg = Release|Any CPU
		{893FD934-C10B-440D-AAE8-11BA3D879AFA}.Release|Any CPU.Build.0 = Release|Any CPU
		{BDE8A300-EBF6-49BC-B6A3-8B13E3872CA9}.Debug|Any CPU.ActiveCfg = Debug|Any CPU
		{BDE8A300-EBF6-49BC-B6A3-8B13E3872CA9}.Debug|Any CPU.Build.0 = Debug|Any CPU
		{BDE8A300-EBF6-49BC-B6A3-8B13E3872CA9}.Release|Any CPU.ActiveCfg = Release|Any CPU
		{BDE8A300-EBF6-49BC-B6A3-8B13E3872CA9}.Release|Any CPU.Build.0 = Release|Any CPU
		{AB066E2D-6042-45D7-98AE-786CD5387077}.Debug|Any CPU.ActiveCfg = Debug|Any CPU
		{AB066E2D-6042-45D7-98AE-786CD5387077}.Debug|Any CPU.Build.0 = Debug|Any CPU
		{AB066E2D-6042-45D7-98AE-786CD5387077}.Release|Any CPU.ActiveCfg = Release|Any CPU
		{AB066E2D-6042-45D7-98AE-786CD5387077}.Release|Any CPU.Build.0 = Release|Any CPU
		{48B62070-3580-4DE2-8299-344D75F90937}.Debug|Any CPU.ActiveCfg = Debug|Any CPU
		{48B62070-3580-4DE2-8299-344D75F90937}.Debug|Any CPU.Build.0 = Debug|Any CPU
		{48B62070-3580-4DE2-8299-344D75F90937}.Release|Any CPU.ActiveCfg = Release|Any CPU
		{48B62070-3580-4DE2-8299-344D75F90937}.Release|Any CPU.Build.0 = Release|Any CPU
		{0F5E0A6E-6300-4A33-8F4E-E8BB23326FB1}.Debug|Any CPU.ActiveCfg = Debug|Any CPU
		{0F5E0A6E-6300-4A33-8F4E-E8BB23326FB1}.Debug|Any CPU.Build.0 = Debug|Any CPU
		{0F5E0A6E-6300-4A33-8F4E-E8BB23326FB1}.Release|Any CPU.ActiveCfg = Release|Any CPU
		{0F5E0A6E-6300-4A33-8F4E-E8BB23326FB1}.Release|Any CPU.Build.0 = Release|Any CPU
		{7CB97406-4D5F-4A55-A0FE-614A7BAC09D0}.Debug|Any CPU.ActiveCfg = Debug|Any CPU
		{7CB97406-4D5F-4A55-A0FE-614A7BAC09D0}.Debug|Any CPU.Build.0 = Debug|Any CPU
		{7CB97406-4D5F-4A55-A0FE-614A7BAC09D0}.Release|Any CPU.ActiveCfg = Release|Any CPU
		{7CB97406-4D5F-4A55-A0FE-614A7BAC09D0}.Release|Any CPU.Build.0 = Release|Any CPU
		{3C3EEF8A-439C-4A0B-9F79-AFB016DBDD09}.Debug|Any CPU.ActiveCfg = Debug|Any CPU
		{3C3EEF8A-439C-4A0B-9F79-AFB016DBDD09}.Debug|Any CPU.Build.0 = Debug|Any CPU
		{3C3EEF8A-439C-4A0B-9F79-AFB016DBDD09}.Release|Any CPU.ActiveCfg = Release|Any CPU
		{3C3EEF8A-439C-4A0B-9F79-AFB016DBDD09}.Release|Any CPU.Build.0 = Release|Any CPU
		{400279D4-E532-4447-8CC5-C073EB7779A6}.Debug|Any CPU.ActiveCfg = Debug|Any CPU
		{400279D4-E532-4447-8CC5-C073EB7779A6}.Debug|Any CPU.Build.0 = Debug|Any CPU
		{400279D4-E532-4447-8CC5-C073EB7779A6}.Release|Any CPU.ActiveCfg = Release|Any CPU
		{400279D4-E532-4447-8CC5-C073EB7779A6}.Release|Any CPU.Build.0 = Release|Any CPU
		{147A7E43-0B3C-4FE5-97D2-8324C7C4C816}.Debug|Any CPU.ActiveCfg = Debug|Any CPU
		{147A7E43-0B3C-4FE5-97D2-8324C7C4C816}.Debug|Any CPU.Build.0 = Debug|Any CPU
		{147A7E43-0B3C-4FE5-97D2-8324C7C4C816}.Release|Any CPU.ActiveCfg = Release|Any CPU
		{147A7E43-0B3C-4FE5-97D2-8324C7C4C816}.Release|Any CPU.Build.0 = Release|Any CPU
		{09C7C7AC-8FA5-4D06-8B50-A65A7C23D7FF}.Debug|Any CPU.ActiveCfg = Debug|Any CPU
		{09C7C7AC-8FA5-4D06-8B50-A65A7C23D7FF}.Debug|Any CPU.Build.0 = Debug|Any CPU
		{09C7C7AC-8FA5-4D06-8B50-A65A7C23D7FF}.Release|Any CPU.ActiveCfg = Release|Any CPU
		{09C7C7AC-8FA5-4D06-8B50-A65A7C23D7FF}.Release|Any CPU.Build.0 = Release|Any CPU
		{2BCB20E2-02E4-47B4-94D7-66A9FD5CB03D}.Debug|Any CPU.ActiveCfg = Debug|Any CPU
		{2BCB20E2-02E4-47B4-94D7-66A9FD5CB03D}.Debug|Any CPU.Build.0 = Debug|Any CPU
		{2BCB20E2-02E4-47B4-94D7-66A9FD5CB03D}.Release|Any CPU.ActiveCfg = Release|Any CPU
		{2BCB20E2-02E4-47B4-94D7-66A9FD5CB03D}.Release|Any CPU.Build.0 = Release|Any CPU
		{81D1B3BE-ABD1-47F9-8A37-8BDCBED59A76}.Debug|Any CPU.ActiveCfg = Debug|Any CPU
		{81D1B3BE-ABD1-47F9-8A37-8BDCBED59A76}.Debug|Any CPU.Build.0 = Debug|Any CPU
		{81D1B3BE-ABD1-47F9-8A37-8BDCBED59A76}.Release|Any CPU.ActiveCfg = Release|Any CPU
		{81D1B3BE-ABD1-47F9-8A37-8BDCBED59A76}.Release|Any CPU.Build.0 = Release|Any CPU
		{7EE376E9-BDC1-4C9F-9D44-322A59296F5D}.Debug|Any CPU.ActiveCfg = Debug|Any CPU
		{7EE376E9-BDC1-4C9F-9D44-322A59296F5D}.Debug|Any CPU.Build.0 = Debug|Any CPU
		{7EE376E9-BDC1-4C9F-9D44-322A59296F5D}.Release|Any CPU.ActiveCfg = Release|Any CPU
		{7EE376E9-BDC1-4C9F-9D44-322A59296F5D}.Release|Any CPU.Build.0 = Release|Any CPU
	EndGlobalSection
	GlobalSection(SolutionProperties) = preSolution
		HideSolutionNode = FALSE
	EndGlobalSection
	GlobalSection(NestedProjects) = preSolution
		{400279D4-E532-4447-8CC5-C073EB7779A6} = {4653F548-0250-45BD-BE9D-A9B8F2BDAA8C}
	EndGlobalSection
EndGlobal
